
Microsoft Visual Studio Solution File, Format Version 12.00
# Visual Studio 2015
Project("{FAE04EC0-301F-11D3-BF4B-00C04F79EFBC}") = "Acient Robot Chess.CSharp.Plugins", "Acient Robot Chess.CSharp.Plugins.csproj", "{68F36AE0-B11B-6D94-5DDA-2E6C39CE7D8B}"
EndProject
Project("{FAE04EC0-301F-11D3-BF4B-00C04F79EFBC}") = "Acient Robot Chess.CSharp", "Acient Robot Chess.CSharp.csproj", "{2C2F2935-2B5B-E4C5-DEC7-63B2B2D92AF8}"
EndProject
Project("{FAE04EC0-301F-11D3-BF4B-00C04F79EFBC}") = "Acient Robot Chess.CSharp.Editor.Plugins", "Acient Robot Chess.CSharp.Editor.Plugins.csproj", "{5CB274FB-23AE-DF0E-1F5A-0DB226E545B3}"
EndProject
Project("{FAE04EC0-301F-11D3-BF4B-00C04F79EFBC}") = "Acient Robot Chess.CSharp.Editor", "Acient Robot Chess.CSharp.Editor.csproj", "{209C7C4F-8F0B-9369-7180-E5A9635CA42D}"
EndProject
Global
	GlobalSection(SolutionConfigurationPlatforms) = preSolution
		Debug|Any CPU = Debug|Any CPU
		Release|Any CPU = Release|Any CPU
	EndGlobalSection
	GlobalSection(ProjectConfigurationPlatforms) = postSolution
		{68F36AE0-B11B-6D94-5DDA-2E6C39CE7D8B}.Debug|Any CPU.ActiveCfg = Debug|Any CPU
		{68F36AE0-B11B-6D94-5DDA-2E6C39CE7D8B}.Debug|Any CPU.Build.0 = Debug|Any CPU
		{68F36AE0-B11B-6D94-5DDA-2E6C39CE7D8B}.Release|Any CPU.ActiveCfg = Release|Any CPU
		{68F36AE0-B11B-6D94-5DDA-2E6C39CE7D8B}.Release|Any CPU.Build.0 = Release|Any CPU
		{2C2F2935-2B5B-E4C5-DEC7-63B2B2D92AF8}.Debug|Any CPU.ActiveCfg = Debug|Any CPU
		{2C2F2935-2B5B-E4C5-DEC7-63B2B2D92AF8}.Debug|Any CPU.Build.0 = Debug|Any CPU
		{2C2F2935-2B5B-E4C5-DEC7-63B2B2D92AF8}.Release|Any CPU.ActiveCfg = Release|Any CPU
		{2C2F2935-2B5B-E4C5-DEC7-63B2B2D92AF8}.Release|Any CPU.Build.0 = Release|Any CPU
		{5CB274FB-23AE-DF0E-1F5A-0DB226E545B3}.Debug|Any CPU.ActiveCfg = Debug|Any CPU
		{5CB274FB-23AE-DF0E-1F5A-0DB226E545B3}.Debug|Any CPU.Build.0 = Debug|Any CPU
		{5CB274FB-23AE-DF0E-1F5A-0DB226E545B3}.Release|Any CPU.ActiveCfg = Release|Any CPU
		{5CB274FB-23AE-DF0E-1F5A-0DB226E545B3}.Release|Any CPU.Build.0 = Release|Any CPU
		{209C7C4F-8F0B-9369-7180-E5A9635CA42D}.Debug|Any CPU.ActiveCfg = Debug|Any CPU
		{209C7C4F-8F0B-9369-7180-E5A9635CA42D}.Debug|Any CPU.Build.0 = Debug|Any CPU
		{209C7C4F-8F0B-9369-7180-E5A9635CA42D}.Release|Any CPU.ActiveCfg = Release|Any CPU
		{209C7C4F-8F0B-9369-7180-E5A9635CA42D}.Release|Any CPU.Build.0 = Release|Any CPU
	EndGlobalSection
	GlobalSection(SolutionProperties) = preSolution
		HideSolutionNode = FALSE
	EndGlobalSection
EndGlobal
